
Microsoft Visual Studio Solution File, Format Version 12.00
# Visual Studio 15
Project("{FAE04EC0-301F-11D3-BF4B-00C04F79EFBC}") = "Assembly-CSharp", "Assembly-CSharp.csproj", "{B6004129-4A34-5201-B1A4-9D18A009AFEF}"
EndProject
Global
	GlobalSection(SolutionConfigurationPlatforms) = preSolution
		Debug|Any CPU = Debug|Any CPU
		Release|Any CPU = Release|Any CPU
	EndGlobalSection
	GlobalSection(ProjectConfigurationPlatforms) = postSolution
		{B6004129-4A34-5201-B1A4-9D18A009AFEF}.Debug|Any CPU.ActiveCfg = Debug|Any CPU
		{B6004129-4A34-5201-B1A4-9D18A009AFEF}.Debug|Any CPU.Build.0 = Debug|Any CPU
		{B6004129-4A34-5201-B1A4-9D18A009AFEF}.Release|Any CPU.ActiveCfg = Release|Any CPU
		{B6004129-4A34-5201-B1A4-9D18A009AFEF}.Release|Any CPU.Build.0 = Release|Any CPU
	EndGlobalSection
	GlobalSection(SolutionProperties) = preSolution
		HideSolutionNode = FALSE
	EndGlobalSection
EndGlobal
